
Microsoft Visual Studio Solution File, Format Version 12.00
# Visual Studio Version 17
VisualStudioVersion = 17.0.32126.317
MinimumVisualStudioVersion = 10.0.40219.1
Project("{FAE04EC0-301F-11D3-BF4B-00C04F79EFBC}") = "Project1", "Project1.csproj", "{78252256-AA07-40B3-A202-468EF38513DC}"
EndProject
Global
	GlobalSection(SolutionConfigurationPlatforms) = preSolution
		Debug|Any CPU = Debug|Any CPU
		Release|Any CPU = Release|Any CPU
	EndGlobalSection
	GlobalSection(ProjectConfigurationPlatforms) = postSolution
		{78252256-AA07-40B3-A202-468EF38513DC}.Debug|Any CPU.ActiveCfg = Debug|Any CPU
		{78252256-AA07-40B3-A202-468EF38513DC}.Debug|Any CPU.Build.0 = Debug|Any CPU
		{78252256-AA07-40B3-A202-468EF38513DC}.Release|Any CPU.ActiveCfg = Release|Any CPU
		{78252256-AA07-40B3-A202-468EF38513DC}.Release|Any CPU.Build.0 = Release|Any CPU
	EndGlobalSection
	GlobalSection(SolutionProperties) = preSolution
		HideSolutionNode = FALSE
	EndGlobalSection
	GlobalSection(ExtensibilityGlobals) = postSolution
		SolutionGuid = {523534E8-6B4C-4D2B-9FA1-8A7A4302CB02}
	EndGlobalSection
EndGlobal
